
Microsoft Visual Studio Solution File, Format Version 12.00
# Visual Studio Version 17
VisualStudioVersion = 17.13.35931.197 d17.13
MinimumVisualStudioVersion = 10.0.40219.1
Project("{FAE04EC0-301F-11D3-BF4B-00C04F79EFBC}") = "ProiectPAOO", "ProiectPAOO\ProiectPAOO.csproj", "{7B8DC0F3-128C-4402-96AA-A830B15B33E6}"
EndProject
Global
	GlobalSection(SolutionConfigurationPlatforms) = preSolution
		Debug|Any CPU = Debug|Any CPU
		Release|Any CPU = Release|Any CPU
	EndGlobalSection
	GlobalSection(ProjectConfigurationPlatforms) = postSolution
		{7B8DC0F3-128C-4402-96AA-A830B15B33E6}.Debug|Any CPU.ActiveCfg = Debug|Any CPU
		{7B8DC0F3-128C-4402-96AA-A830B15B33E6}.Debug|Any CPU.Build.0 = Debug|Any CPU
		{7B8DC0F3-128C-4402-96AA-A830B15B33E6}.Release|Any CPU.ActiveCfg = Release|Any CPU
		{7B8DC0F3-128C-4402-96AA-A830B15B33E6}.Release|Any CPU.Build.0 = Release|Any CPU
	EndGlobalSection
	GlobalSection(SolutionProperties) = preSolution
		HideSolutionNode = FALSE
	EndGlobalSection
	GlobalSection(ExtensibilityGlobals) = postSolution
		SolutionGuid = {FA45FCEB-6453-46C1-9A59-BC7E1DBA75A4}
	EndGlobalSection
EndGlobal
